
Microsoft Visual Studio Solution File, Format Version 12.00
# Visual Studio Version 17
VisualStudioVersion = 17.0.31903.59
MinimumVisualStudioVersion = 10.0.40219.1
Project("{2150E333-8FDC-42A3-9474-1A3956D46DE8}") = "samples", "samples", "{4B47DB30-7E29-4CBE-BA58-A13121105428}"
EndProject
Project("{FAE04EC0-301F-11D3-BF4B-00C04F79EFBC}") = "Zamay.Demo.Console", "samples\Zamay.Demo.Console\Zamay.Demo.Console.csproj", "{D7B87A69-68BB-477E-82BF-B276D74174A5}"
EndProject
Project("{FAE04EC0-301F-11D3-BF4B-00C04F79EFBC}") = "Zamay.Demo.WinForms", "samples\Zamay.Demo.WinForms\Zamay.Demo.WinForms.csproj", "{D8D00029-A499-4C93-99FE-AB12B8F8329B}"
EndProject
Project("{2150E333-8FDC-42A3-9474-1A3956D46DE8}") = "src", "src", "{F4552C41-6709-4D22-A842-4BBBD7EEC620}"
EndProject
Project("{FAE04EC0-301F-11D3-BF4B-00C04F79EFBC}") = "Zamay.Console", "src\Zamay.Console\Zamay.Console.csproj", "{E58BA222-34A3-46BC-BFEE-A77BC3C43683}"
EndProject
Project("{FAE04EC0-301F-11D3-BF4B-00C04F79EFBC}") = "Zamay.Core", "src\Zamay.Core\Zamay.Core.csproj", "{FCEE8DF6-2340-4F18-9931-531E050DF7D5}"
EndProject
Project("{FAE04EC0-301F-11D3-BF4B-00C04F79EFBC}") = "Zamay.Presentation", "src\Zamay.Presentation\Zamay.Presentation.csproj", "{96E4FDB8-B2DE-4442-AF49-9C888DD439E7}"
EndProject
Project("{FAE04EC0-301F-11D3-BF4B-00C04F79EFBC}") = "Zamay.Sqlite", "src\Zamay.Sqlite\Zamay.Sqlite.csproj", "{5E39DA39-E391-4FFE-9058-D8F6E24E5D50}"
EndProject
Project("{FAE04EC0-301F-11D3-BF4B-00C04F79EFBC}") = "Zamay.Windows", "src\Zamay.Windows\Zamay.Windows.csproj", "{DB4728EF-A676-493D-9881-7F1AD6B73723}"
EndProject
Project("{FAE04EC0-301F-11D3-BF4B-00C04F79EFBC}") = "Zamay.Windows.Sqlite", "src\Zamay.Windows.Sqlite\Zamay.Windows.Sqlite.csproj", "{39426C9A-774C-4C42-BCB4-7AB5AFD4F508}"
EndProject
Project("{2150E333-8FDC-42A3-9474-1A3956D46DE8}") = "tests", "tests", "{6FFC3BD5-B2A5-4D05-AEA6-78C90CDE196D}"
EndProject
Project("{FAE04EC0-301F-11D3-BF4B-00C04F79EFBC}") = "Zamay.Core.Tests", "tests\Zamay.Core.Tests\Zamay.Core.Tests.csproj", "{C0BFEBE4-2F88-4E99-8347-EE98B8010404}"
EndProject
Project("{FAE04EC0-301F-11D3-BF4B-00C04F79EFBC}") = "Zamay.Sqlite.Tests", "tests\Zamay.Sqlite.Tests\Zamay.Sqlite.Tests.csproj", "{D3BD5A45-1352-4027-BF08-C17907A03929}"
EndProject
Project("{FAE04EC0-301F-11D3-BF4B-00C04F79EFBC}") = "Zamay.Windows.Tests", "tests\Zamay.Windows.Tests\Zamay.Windows.Tests.csproj", "{39FA6F64-A455-4CA4-8305-380C3CE862C6}"
EndProject
Project("{FAE04EC0-301F-11D3-BF4B-00C04F79EFBC}") = "Zamay", "src\Zamay\Zamay.csproj", "{F753D9F0-A047-43AD-B54D-631B5F981BBB}"
EndProject
Global
	GlobalSection(SolutionConfigurationPlatforms) = preSolution
		Debug|Any CPU = Debug|Any CPU
		Release|Any CPU = Release|Any CPU
	EndGlobalSection
	GlobalSection(SolutionProperties) = preSolution
		HideSolutionNode = FALSE
	EndGlobalSection
	GlobalSection(ProjectConfigurationPlatforms) = postSolution
		{D7B87A69-68BB-477E-82BF-B276D74174A5}.Debug|Any CPU.ActiveCfg = Debug|Any CPU
		{D7B87A69-68BB-477E-82BF-B276D74174A5}.Debug|Any CPU.Build.0 = Debug|Any CPU
		{D7B87A69-68BB-477E-82BF-B276D74174A5}.Release|Any CPU.ActiveCfg = Release|Any CPU
		{D7B87A69-68BB-477E-82BF-B276D74174A5}.Release|Any CPU.Build.0 = Release|Any CPU
		{D8D00029-A499-4C93-99FE-AB12B8F8329B}.Debug|Any CPU.ActiveCfg = Debug|Any CPU
		{D8D00029-A499-4C93-99FE-AB12B8F8329B}.Debug|Any CPU.Build.0 = Debug|Any CPU
		{D8D00029-A499-4C93-99FE-AB12B8F8329B}.Release|Any CPU.ActiveCfg = Release|Any CPU
		{D8D00029-A499-4C93-99FE-AB12B8F8329B}.Release|Any CPU.Build.0 = Release|Any CPU
		{E58BA222-34A3-46BC-BFEE-A77BC3C43683}.Debug|Any CPU.ActiveCfg = Debug|Any CPU
		{E58BA222-34A3-46BC-BFEE-A77BC3C43683}.Debug|Any CPU.Build.0 = Debug|Any CPU
		{E58BA222-34A3-46BC-BFEE-A77BC3C43683}.Release|Any CPU.ActiveCfg = Release|Any CPU
		{E58BA222-34A3-46BC-BFEE-A77BC3C43683}.Release|Any CPU.Build.0 = Release|Any CPU
		{FCEE8DF6-2340-4F18-9931-531E050DF7D5}.Debug|Any CPU.ActiveCfg = Debug|Any CPU
		{FCEE8DF6-2340-4F18-9931-531E050DF7D5}.Debug|Any CPU.Build.0 = Debug|Any CPU
		{FCEE8DF6-2340-4F18-9931-531E050DF7D5}.Release|Any CPU.ActiveCfg = Release|Any CPU
		{FCEE8DF6-2340-4F18-9931-531E050DF7D5}.Release|Any CPU.Build.0 = Release|Any CPU
		{96E4FDB8-B2DE-4442-AF49-9C888DD439E7}.Debug|Any CPU.ActiveCfg = Debug|Any CPU
		{96E4FDB8-B2DE-4442-AF49-9C888DD439E7}.Debug|Any CPU.Build.0 = Debug|Any CPU
		{96E4FDB8-B2DE-4442-AF49-9C888DD439E7}.Release|Any CPU.ActiveCfg = Release|Any CPU
		{96E4FDB8-B2DE-4442-AF49-9C888DD439E7}.Release|Any CPU.Build.0 = Release|Any CPU
		{5E39DA39-E391-4FFE-9058-D8F6E24E5D50}.Debug|Any CPU.ActiveCfg = Debug|Any CPU
		{5E39DA39-E391-4FFE-9058-D8F6E24E5D50}.Debug|Any CPU.Build.0 = Debug|Any CPU
		{5E39DA39-E391-4FFE-9058-D8F6E24E5D50}.Release|Any CPU.ActiveCfg = Release|Any CPU
		{5E39DA39-E391-4FFE-9058-D8F6E24E5D50}.Release|Any CPU.Build.0 = Release|Any CPU
		{DB4728EF-A676-493D-9881-7F1AD6B73723}.Debug|Any CPU.ActiveCfg = Debug|Any CPU
		{DB4728EF-A676-493D-9881-7F1AD6B73723}.Debug|Any CPU.Build.0 = Debug|Any CPU
		{DB4728EF-A676-493D-9881-7F1AD6B73723}.Release|Any CPU.ActiveCfg = Release|Any CPU
		{DB4728EF-A676-493D-9881-7F1AD6B73723}.Release|Any CPU.Build.0 = Release|Any CPU
		{39426C9A-774C-4C42-BCB4-7AB5AFD4F508}.Debug|Any CPU.ActiveCfg = Debug|Any CPU
		{39426C9A-774C-4C42-BCB4-7AB5AFD4F508}.Debug|Any CPU.Build.0 = Debug|Any CPU
		{39426C9A-774C-4C42-BCB4-7AB5AFD4F508}.Release|Any CPU.ActiveCfg = Release|Any CPU
		{39426C9A-774C-4C42-BCB4-7AB5AFD4F508}.Release|Any CPU.Build.0 = Release|Any CPU
		{C0BFEBE4-2F88-4E99-8347-EE98B8010404}.Debug|Any CPU.ActiveCfg = Debug|Any CPU
		{C0BFEBE4-2F88-4E99-8347-EE98B8010404}.Debug|Any CPU.Build.0 = Debug|Any CPU
		{C0BFEBE4-2F88-4E99-8347-EE98B8010404}.Release|Any CPU.ActiveCfg = Release|Any CPU
		{C0BFEBE4-2F88-4E99-8347-EE98B8010404}.Release|Any CPU.Build.0 = Release|Any CPU
		{D3BD5A45-1352-4027-BF08-C17907A03929}.Debug|Any CPU.ActiveCfg = Debug|Any CPU
		{D3BD5A45-1352-4027-BF08-C17907A03929}.Debug|Any CPU.Build.0 = Debug|Any CPU
		{D3BD5A45-1352-4027-BF08-C17907A03929}.Release|Any CPU.ActiveCfg = Release|Any CPU
		{D3BD5A45-1352-4027-BF08-C17907A03929}.Release|Any CPU.Build.0 = Release|Any CPU
		{39FA6F64-A455-4CA4-8305-380C3CE862C6}.Debug|Any CPU.ActiveCfg = Debug|Any CPU
		{39FA6F64-A455-4CA4-8305-380C3CE862C6}.Debug|Any CPU.Build.0 = Debug|Any CPU
		{39FA6F64-A455-4CA4-8305-380C3CE862C6}.Release|Any CPU.ActiveCfg = Release|Any CPU
		{39FA6F64-A455-4CA4-8305-380C3CE862C6}.Release|Any CPU.Build.0 = Release|Any CPU
		{F753D9F0-A047-43AD-B54D-631B5F981BBB}.Debug|Any CPU.ActiveCfg = Debug|Any CPU
		{F753D9F0-A047-43AD-B54D-631B5F981BBB}.Debug|Any CPU.Build.0 = Debug|Any CPU
		{F753D9F0-A047-43AD-B54D-631B5F981BBB}.Release|Any CPU.ActiveCfg = Release|Any CPU
		{F753D9F0-A047-43AD-B54D-631B5F981BBB}.Release|Any CPU.Build.0 = Release|Any CPU
	EndGlobalSection
	GlobalSection(NestedProjects) = preSolution
		{D7B87A69-68BB-477E-82BF-B276D74174A5} = {4B47DB30-7E29-4CBE-BA58-A13121105428}
		{D8D00029-A499-4C93-99FE-AB12B8F8329B} = {4B47DB30-7E29-4CBE-BA58-A13121105428}
		{E58BA222-34A3-46BC-BFEE-A77BC3C43683} = {F4552C41-6709-4D22-A842-4BBBD7EEC620}
		{FCEE8DF6-2340-4F18-9931-531E050DF7D5} = {F4552C41-6709-4D22-A842-4BBBD7EEC620}
		{96E4FDB8-B2DE-4442-AF49-9C888DD439E7} = {F4552C41-6709-4D22-A842-4BBBD7EEC620}
		{5E39DA39-E391-4FFE-9058-D8F6E24E5D50} = {F4552C41-6709-4D22-A842-4BBBD7EEC620}
		{DB4728EF-A676-493D-9881-7F1AD6B73723} = {F4552C41-6709-4D22-A842-4BBBD7EEC620}
		{39426C9A-774C-4C42-BCB4-7AB5AFD4F508} = {F4552C41-6709-4D22-A842-4BBBD7EEC620}
		{C0BFEBE4-2F88-4E99-8347-EE98B8010404} = {6FFC3BD5-B2A5-4D05-AEA6-78C90CDE196D}
		{D3BD5A45-1352-4027-BF08-C17907A03929} = {6FFC3BD5-B2A5-4D05-AEA6-78C90CDE196D}
		{39FA6F64-A455-4CA4-8305-380C3CE862C6} = {6FFC3BD5-B2A5-4D05-AEA6-78C90CDE196D}
		{F753D9F0-A047-43AD-B54D-631B5F981BBB} = {F4552C41-6709-4D22-A842-4BBBD7EEC620}
	EndGlobalSection
EndGlobal
